
Microsoft Visual Studio Solution File, Format Version 12.00
# Visual Studio 15
VisualStudioVersion = 15.0.27428.2002
MinimumVisualStudioVersion = 10.0.40219.1
Project("{FAE04EC0-301F-11D3-BF4B-00C04F79EFBC}") = "Fight club", "Fight club\Fight club.csproj", "{427F9868-2D46-40AB-B44D-2E54ED9A203A}"
EndProject
Global
	GlobalSection(SolutionConfigurationPlatforms) = preSolution
		Debug|Any CPU = Debug|Any CPU
		Release|Any CPU = Release|Any CPU
	EndGlobalSection
	GlobalSection(ProjectConfigurationPlatforms) = postSolution
		{427F9868-2D46-40AB-B44D-2E54ED9A203A}.Debug|Any CPU.ActiveCfg = Debug|Any CPU
		{427F9868-2D46-40AB-B44D-2E54ED9A203A}.Debug|Any CPU.Build.0 = Debug|Any CPU
		{427F9868-2D46-40AB-B44D-2E54ED9A203A}.Release|Any CPU.ActiveCfg = Release|Any CPU
		{427F9868-2D46-40AB-B44D-2E54ED9A203A}.Release|Any CPU.Build.0 = Release|Any CPU
	EndGlobalSection
	GlobalSection(SolutionProperties) = preSolution
		HideSolutionNode = FALSE
	EndGlobalSection
	GlobalSection(ExtensibilityGlobals) = postSolution
		SolutionGuid = {E06EA724-20E9-45CD-A227-7A71C017F50D}
	EndGlobalSection
EndGlobal
